
Microsoft Visual Studio Solution File, Format Version 12.00
# Visual Studio 15
VisualStudioVersion = 15.0.27130.2027
MinimumVisualStudioVersion = 10.0.40219.1
Project("{FAE04EC0-301F-11D3-BF4B-00C04F79EFBC}") = "MvcMovie", "MvcMovie\MvcMovie.csproj", "{FEA6F285-AE59-486C-9DE9-BEF78B599455}"
EndProject
Global
	GlobalSection(SolutionConfigurationPlatforms) = preSolution
		Debug|Any CPU = Debug|Any CPU
		Release|Any CPU = Release|Any CPU
	EndGlobalSection
	GlobalSection(ProjectConfigurationPlatforms) = postSolution
		{FEA6F285-AE59-486C-9DE9-BEF78B599455}.Debug|Any CPU.ActiveCfg = Debug|Any CPU
		{FEA6F285-AE59-486C-9DE9-BEF78B599455}.Debug|Any CPU.Build.0 = Debug|Any CPU
		{FEA6F285-AE59-486C-9DE9-BEF78B599455}.Release|Any CPU.ActiveCfg = Release|Any CPU
		{FEA6F285-AE59-486C-9DE9-BEF78B599455}.Release|Any CPU.Build.0 = Release|Any CPU
	EndGlobalSection
	GlobalSection(SolutionProperties) = preSolution
		HideSolutionNode = FALSE
	EndGlobalSection
	GlobalSection(ExtensibilityGlobals) = postSolution
		SolutionGuid = {14784A18-01C6-4F79-AA66-C54F256BA56A}
	EndGlobalSection
EndGlobal
